// !$*UTF8*$!
{
	archiveVersion = 1;
	classes = {
	};
	objectVersion = 48;
	objects = {

/* Begin PBXBuildFile section */
		138747252D72701D9C94F923 /* Pods_SwiftLint_CITests.framework in Frameworks */ = {isa = PBXBuildFile; fileRef = AC626E3DA7520446D9712D09 /* Pods_SwiftLint_CITests.framework */; };
		9A7CF58080D54657B8EE75E1 /* Pods_SwiftLint_CI.framework in Frameworks */ = {isa = PBXBuildFile; fileRef = E735CA05EF120E5D8FF0920F /* Pods_SwiftLint_CI.framework */; };
		9B5E81D21F33D8300080BE0B /* AppDelegate.swift in Sources */ = {isa = PBXBuildFile; fileRef = 9B5E81D11F33D8300080BE0B /* AppDelegate.swift */; };
		9B5E81D41F33D8300080BE0B /* ViewController.swift in Sources */ = {isa = PBXBuildFile; fileRef = 9B5E81D31F33D8300080BE0B /* ViewController.swift */; };
		9B5E81D71F33D8300080BE0B /* Main.storyboard in Resources */ = {isa = PBXBuildFile; fileRef = 9B5E81D51F33D8300080BE0B /* Main.storyboard */; };
		9B5E81D91F33D8300080BE0B /* Assets.xcassets in Resources */ = {isa = PBXBuildFile; fileRef = 9B5E81D81F33D8300080BE0B /* Assets.xcassets */; };
		9B5E81DC1F33D8300080BE0B /* LaunchScreen.storyboard in Resources */ = {isa = PBXBuildFile; fileRef = 9B5E81DA1F33D8300080BE0B /* LaunchScreen.storyboard */; };
		9B5E81E71F33D8300080BE0B /* SwiftLint_CITests.swift in Sources */ = {isa = PBXBuildFile; fileRef = 9B5E81E61F33D8300080BE0B /* SwiftLint_CITests.swift */; };
		9B5E81F21F33D8300080BE0B /* SwiftLint_CIUITests.swift in Sources */ = {isa = PBXBuildFile; fileRef = 9B5E81F11F33D8300080BE0B /* SwiftLint_CIUITests.swift */; };
		E8049942D027FAC687ED7725 /* Pods_SwiftLint_CIUITests.framework in Frameworks */ = {isa = PBXBuildFile; fileRef = 3E2F19D06474574E312141FC /* Pods_SwiftLint_CIUITests.framework */; };
/* End PBXBuildFile section */

/* Begin PBXContainerItemProxy section */
		9B5E81E31F33D8300080BE0B /* PBXContainerItemProxy */ = {
			isa = PBXContainerItemProxy;
			containerPortal = 9B5E81C61F33D82F0080BE0B /* Project object */;
			proxyType = 1;
			remoteGlobalIDString = 9B5E81CD1F33D82F0080BE0B;
			remoteInfo = "SwiftLint-CI";
		};
		9B5E81EE1F33D8300080BE0B /* PBXContainerItemProxy */ = {
			isa = PBXContainerItemProxy;
			containerPortal = 9B5E81C61F33D82F0080BE0B /* Project object */;
			proxyType = 1;
			remoteGlobalIDString = 9B5E81CD1F33D82F0080BE0B;
			remoteInfo = "SwiftLint-CI";
		};
/* End PBXContainerItemProxy section */

/* Begin PBXFileReference section */
		21A166D30B3E5C349113F559 /* Pods-SwiftLint-CI.release.xcconfig */ = {isa = PBXFileReference; includeInIndex = 1; lastKnownFileType = text.xcconfig; name = "Pods-SwiftLint-CI.release.xcconfig"; path = "Pods/Target Support Files/Pods-SwiftLint-CI/Pods-SwiftLint-CI.release.xcconfig"; sourceTree = "<group>"; };
		38B53267987F7A84FC12AD79 /* Pods-SwiftLint-CITests.debug.xcconfig */ = {isa = PBXFileReference; includeInIndex = 1; lastKnownFileType = text.xcconfig; name = "Pods-SwiftLint-CITests.debug.xcconfig"; path = "Pods/Target Support Files/Pods-SwiftLint-CITests/Pods-SwiftLint-CITests.debug.xcconfig"; sourceTree = "<group>"; };
		3E2F19D06474574E312141FC /* Pods_SwiftLint_CIUITests.framework */ = {isa = PBXFileReference; explicitFileType = wrapper.framework; includeInIndex = 0; path = Pods_SwiftLint_CIUITests.framework; sourceTree = BUILT_PRODUCTS_DIR; };
		3F68323D81FE48BF2DA95547 /* Pods-SwiftLint-CITests.release.xcconfig */ = {isa = PBXFileReference; includeInIndex = 1; lastKnownFileType = text.xcconfig; name = "Pods-SwiftLint-CITests.release.xcconfig"; path = "Pods/Target Support Files/Pods-SwiftLint-CITests/Pods-SwiftLint-CITests.release.xcconfig"; sourceTree = "<group>"; };
		4A4E6901AD485EEF6A86A422 /* Pods-SwiftLint-CIUITests.release.xcconfig */ = {isa = PBXFileReference; includeInIndex = 1; lastKnownFileType = text.xcconfig; name = "Pods-SwiftLint-CIUITests.release.xcconfig"; path = "Pods/Target Support Files/Pods-SwiftLint-CIUITests/Pods-SwiftLint-CIUITests.release.xcconfig"; sourceTree = "<group>"; };
		541BA65A0F91924C9CF1E392 /* Pods-SwiftLint-CIUITests.debug.xcconfig */ = {isa = PBXFileReference; includeInIndex = 1; lastKnownFileType = text.xcconfig; name = "Pods-SwiftLint-CIUITests.debug.xcconfig"; path = "Pods/Target Support Files/Pods-SwiftLint-CIUITests/Pods-SwiftLint-CIUITests.debug.xcconfig"; sourceTree = "<group>"; };
		8230CF4DD710BEB901A85A7F /* Pods-SwiftLint-CI.debug.xcconfig */ = {isa = PBXFileReference; includeInIndex = 1; lastKnownFileType = text.xcconfig; name = "Pods-SwiftLint-CI.debug.xcconfig"; path = "Pods/Target Support Files/Pods-SwiftLint-CI/Pods-SwiftLint-CI.debug.xcconfig"; sourceTree = "<group>"; };
		9B5E81CE1F33D8300080BE0B /* SwiftLint-CI.app */ = {isa = PBXFileReference; explicitFileType = wrapper.application; includeInIndex = 0; path = "SwiftLint-CI.app"; sourceTree = BUILT_PRODUCTS_DIR; };
		9B5E81D11F33D8300080BE0B /* AppDelegate.swift */ = {isa = PBXFileReference; lastKnownFileType = sourcecode.swift; path = AppDelegate.swift; sourceTree = "<group>"; };
		9B5E81D31F33D8300080BE0B /* ViewController.swift */ = {isa = PBXFileReference; lastKnownFileType = sourcecode.swift; path = ViewController.swift; sourceTree = "<group>"; };
		9B5E81D61F33D8300080BE0B /* Base */ = {isa = PBXFileReference; lastKnownFileType = file.storyboard; name = Base; path = Base.lproj/Main.storyboard; sourceTree = "<group>"; };
		9B5E81D81F33D8300080BE0B /* Assets.xcassets */ = {isa = PBXFileReference; lastKnownFileType = folder.assetcatalog; path = Assets.xcassets; sourceTree = "<group>"; };
		9B5E81DB1F33D8300080BE0B /* Base */ = {isa = PBXFileReference; lastKnownFileType = file.storyboard; name = Base; path = Base.lproj/LaunchScreen.storyboard; sourceTree = "<group>"; };
		9B5E81DD1F33D8300080BE0B /* Info.plist */ = {isa = PBXFileReference; lastKnownFileType = text.plist.xml; path = Info.plist; sourceTree = "<group>"; };
		9B5E81E21F33D8300080BE0B /* SwiftLint-CITests.xctest */ = {isa = PBXFileReference; explicitFileType = wrapper.cfbundle; includeInIndex = 0; path = "SwiftLint-CITests.xctest"; sourceTree = BUILT_PRODUCTS_DIR; };
		9B5E81E61F33D8300080BE0B /* SwiftLint_CITests.swift */ = {isa = PBXFileReference; lastKnownFileType = sourcecode.swift; path = SwiftLint_CITests.swift; sourceTree = "<group>"; };
		9B5E81E81F33D8300080BE0B /* Info.plist */ = {isa = PBXFileReference; lastKnownFileType = text.plist.xml; path = Info.plist; sourceTree = "<group>"; };
		9B5E81ED1F33D8300080BE0B /* SwiftLint-CIUITests.xctest */ = {isa = PBXFileReference; explicitFileType = wrapper.cfbundle; includeInIndex = 0; path = "SwiftLint-CIUITests.xctest"; sourceTree = BUILT_PRODUCTS_DIR; };
		9B5E81F11F33D8300080BE0B /* SwiftLint_CIUITests.swift */ = {isa = PBXFileReference; lastKnownFileType = sourcecode.swift; path = SwiftLint_CIUITests.swift; sourceTree = "<group>"; };
		9B5E81F31F33D8300080BE0B /* Info.plist */ = {isa = PBXFileReference; lastKnownFileType = text.plist.xml; path = Info.plist; sourceTree = "<group>"; };
		AC626E3DA7520446D9712D09 /* Pods_SwiftLint_CITests.framework */ = {isa = PBXFileReference; explicitFileType = wrapper.framework; includeInIndex = 0; path = Pods_SwiftLint_CITests.framework; sourceTree = BUILT_PRODUCTS_DIR; };
		E735CA05EF120E5D8FF0920F /* Pods_SwiftLint_CI.framework */ = {isa = PBXFileReference; explicitFileType = wrapper.framework; includeInIndex = 0; path = Pods_SwiftLint_CI.framework; sourceTree = BUILT_PRODUCTS_DIR; };
/* End PBXFileReference section */

/* Begin PBXFrameworksBuildPhase section */
		9B5E81CB1F33D82F0080BE0B /* Frameworks */ = {
			isa = PBXFrameworksBuildPhase;
			buildActionMask = 2147483647;
			files = (
				9A7CF58080D54657B8EE75E1 /* Pods_SwiftLint_CI.framework in Frameworks */,
			);
			runOnlyForDeploymentPostprocessing = 0;
		};
		9B5E81DF1F33D8300080BE0B /* Frameworks */ = {
			isa = PBXFrameworksBuildPhase;
			buildActionMask = 2147483647;
			files = (
				138747252D72701D9C94F923 /* Pods_SwiftLint_CITests.framework in Frameworks */,
			);
			runOnlyForDeploymentPostprocessing = 0;
		};
		9B5E81EA1F33D8300080BE0B /* Frameworks */ = {
			isa = PBXFrameworksBuildPhase;
			buildActionMask = 2147483647;
			files = (
				E8049942D027FAC687ED7725 /* Pods_SwiftLint_CIUITests.framework in Frameworks */,
			);
			runOnlyForDeploymentPostprocessing = 0;
		};
/* End PBXFrameworksBuildPhase section */

/* Begin PBXGroup section */
		26F4AF56E1DED83F8A987EA7 /* Pods */ = {
			isa = PBXGroup;
			children = (
				8230CF4DD710BEB901A85A7F /* Pods-SwiftLint-CI.debug.xcconfig */,
				21A166D30B3E5C349113F559 /* Pods-SwiftLint-CI.release.xcconfig */,
				38B53267987F7A84FC12AD79 /* Pods-SwiftLint-CITests.debug.xcconfig */,
				3F68323D81FE48BF2DA95547 /* Pods-SwiftLint-CITests.release.xcconfig */,
				541BA65A0F91924C9CF1E392 /* Pods-SwiftLint-CIUITests.debug.xcconfig */,
				4A4E6901AD485EEF6A86A422 /* Pods-SwiftLint-CIUITests.release.xcconfig */,
			);
			name = Pods;
			sourceTree = "<group>";
		};
		72B0C97E193DC5282A5F9928 /* Frameworks */ = {
			isa = PBXGroup;
			children = (
				E735CA05EF120E5D8FF0920F /* Pods_SwiftLint_CI.framework */,
				AC626E3DA7520446D9712D09 /* Pods_SwiftLint_CITests.framework */,
				3E2F19D06474574E312141FC /* Pods_SwiftLint_CIUITests.framework */,
			);
			name = Frameworks;
			sourceTree = "<group>";
		};
		9B5E81C51F33D82F0080BE0B = {
			isa = PBXGroup;
			children = (
				9B5E81D01F33D8300080BE0B /* SwiftLint-CI */,
				9B5E81E51F33D8300080BE0B /* SwiftLint-CITests */,
				9B5E81F01F33D8300080BE0B /* SwiftLint-CIUITests */,
				9B5E81CF1F33D8300080BE0B /* Products */,
				26F4AF56E1DED83F8A987EA7 /* Pods */,
				72B0C97E193DC5282A5F9928 /* Frameworks */,
			);
			sourceTree = "<group>";
		};
		9B5E81CF1F33D8300080BE0B /* Products */ = {
			isa = PBXGroup;
			children = (
				9B5E81CE1F33D8300080BE0B /* SwiftLint-CI.app */,
				9B5E81E21F33D8300080BE0B /* SwiftLint-CITests.xctest */,
				9B5E81ED1F33D8300080BE0B /* SwiftLint-CIUITests.xctest */,
			);
			name = Products;
			sourceTree = "<group>";
		};
		9B5E81D01F33D8300080BE0B /* SwiftLint-CI */ = {
			isa = PBXGroup;
			children = (
				9B5E81D11F33D8300080BE0B /* AppDelegate.swift */,
				9B5E81D31F33D8300080BE0B /* ViewController.swift */,
				9B5E81D51F33D8300080BE0B /* Main.storyboard */,
				9B5E81D81F33D8300080BE0B /* Assets.xcassets */,
				9B5E81DA1F33D8300080BE0B /* LaunchScreen.storyboard */,
				9B5E81DD1F33D8300080BE0B /* Info.plist */,
			);
			path = "SwiftLint-CI";
			sourceTree = "<group>";
		};
		9B5E81E51F33D8300080BE0B /* SwiftLint-CITests */ = {
			isa = PBXGroup;
			children = (
				9B5E81E61F33D8300080BE0B /* SwiftLint_CITests.swift */,
				9B5E81E81F33D8300080BE0B /* Info.plist */,
			);
			path = "SwiftLint-CITests";
			sourceTree = "<group>";
		};
		9B5E81F01F33D8300080BE0B /* SwiftLint-CIUITests */ = {
			isa = PBXGroup;
			children = (
				9B5E81F11F33D8300080BE0B /* SwiftLint_CIUITests.swift */,
				9B5E81F31F33D8300080BE0B /* Info.plist */,
			);
			path = "SwiftLint-CIUITests";
			sourceTree = "<group>";
		};
/* End PBXGroup section */

/* Begin PBXNativeTarget section */
		9B5E81CD1F33D82F0080BE0B /* SwiftLint-CI */ = {
			isa = PBXNativeTarget;
			buildConfigurationList = 9B5E81F61F33D8300080BE0B /* Build configuration list for PBXNativeTarget "SwiftLint-CI" */;
			buildPhases = (
				32FA27605D7DEE9C5C080054 /* [CP] Check Pods Manifest.lock */,
				9B5E81CA1F33D82F0080BE0B /* Sources */,
				9B5E81CB1F33D82F0080BE0B /* Frameworks */,
				9B5E81CC1F33D82F0080BE0B /* Resources */,
				C6FED14A140E516612438114 /* [CP] Embed Pods Frameworks */,
				4FE2AACADABF532F4EAC7C5E /* [CP] Copy Pods Resources */,
				9B9D046B1F33DA0B0074F31C /* Swiftlint */,
			);
			buildRules = (
			);
			dependencies = (
			);
			name = "SwiftLint-CI";
			productName = "SwiftLint-CI";
			productReference = 9B5E81CE1F33D8300080BE0B /* SwiftLint-CI.app */;
			productType = "com.apple.product-type.application";
		};
		9B5E81E11F33D8300080BE0B /* SwiftLint-CITests */ = {
			isa = PBXNativeTarget;
			buildConfigurationList = 9B5E81F91F33D8300080BE0B /* Build configuration list for PBXNativeTarget "SwiftLint-CITests" */;
			buildPhases = (
				27E8CA47A8515D7AA884A9DD /* [CP] Check Pods Manifest.lock */,
				9B5E81DE1F33D8300080BE0B /* Sources */,
				9B5E81DF1F33D8300080BE0B /* Frameworks */,
				9B5E81E01F33D8300080BE0B /* Resources */,
				D28711AC5447577CB519FC3C /* [CP] Embed Pods Frameworks */,
				84E9E0D07A0141E681AA7F44 /* [CP] Copy Pods Resources */,
				9B9D046C1F33DA2C0074F31C /* Swiftlint */,
			);
			buildRules = (
			);
			dependencies = (
				9B5E81E41F33D8300080BE0B /* PBXTargetDependency */,
			);
			name = "SwiftLint-CITests";
			productName = "SwiftLint-CITests";
			productReference = 9B5E81E21F33D8300080BE0B /* SwiftLint-CITests.xctest */;
			productType = "com.apple.product-type.bundle.unit-test";
		};
		9B5E81EC1F33D8300080BE0B /* SwiftLint-CIUITests */ = {
			isa = PBXNativeTarget;
			buildConfigurationList = 9B5E81FC1F33D8300080BE0B /* Build configuration list for PBXNativeTarget "SwiftLint-CIUITests" */;
			buildPhases = (
				BE8F71D6A429A5404A65D7EC /* [CP] Check Pods Manifest.lock */,
				9B5E81E91F33D8300080BE0B /* Sources */,
				9B5E81EA1F33D8300080BE0B /* Frameworks */,
				9B5E81EB1F33D8300080BE0B /* Resources */,
				E5746F6A65720DC834427026 /* [CP] Embed Pods Frameworks */,
				09E08B8E8074F022F63FA6E9 /* [CP] Copy Pods Resources */,
				9B9D046D1F33DA410074F31C /* Swiftlint */,
			);
			buildRules = (
			);
			dependencies = (
				9B5E81EF1F33D8300080BE0B /* PBXTargetDependency */,
			);
			name = "SwiftLint-CIUITests";
			productName = "SwiftLint-CIUITests";
			productReference = 9B5E81ED1F33D8300080BE0B /* SwiftLint-CIUITests.xctest */;
			productType = "com.apple.product-type.bundle.ui-testing";
		};
/* End PBXNativeTarget section */

/* Begin PBXProject section */
		9B5E81C61F33D82F0080BE0B /* Project object */ = {
			isa = PBXProject;
			attributes = {
				LastSwiftUpdateCheck = 0900;
				LastUpgradeCheck = 0900;
				ORGANIZATIONNAME = "Shashikant Jagtap";
				TargetAttributes = {
					9B5E81CD1F33D82F0080BE0B = {
						CreatedOnToolsVersion = 9.0;
					};
					9B5E81E11F33D8300080BE0B = {
						CreatedOnToolsVersion = 9.0;
						TestTargetID = 9B5E81CD1F33D82F0080BE0B;
					};
					9B5E81EC1F33D8300080BE0B = {
						CreatedOnToolsVersion = 9.0;
						TestTargetID = 9B5E81CD1F33D82F0080BE0B;
					};
				};
			};
			buildConfigurationList = 9B5E81C91F33D82F0080BE0B /* Build configuration list for PBXProject "SwiftLint-CI" */;
			compatibilityVersion = "Xcode 8.0";
			developmentRegion = en;
			hasScannedForEncodings = 0;
			knownRegions = (
				en,
				Base,
			);
			mainGroup = 9B5E81C51F33D82F0080BE0B;
			productRefGroup = 9B5E81CF1F33D8300080BE0B /* Products */;
			projectDirPath = "";
			projectRoot = "";
			targets = (
				9B5E81CD1F33D82F0080BE0B /* SwiftLint-CI */,
				9B5E81E11F33D8300080BE0B /* SwiftLint-CITests */,
				9B5E81EC1F33D8300080BE0B /* SwiftLint-CIUITests */,
			);
		};
/* End PBXProject section */

/* Begin PBXResourcesBuildPhase section */
		9B5E81CC1F33D82F0080BE0B /* Resources */ = {
			isa = PBXResourcesBuildPhase;
			buildActionMask = 2147483647;
			files = (
				9B5E81DC1F33D8300080BE0B /* LaunchScreen.storyboard in Resources */,
				9B5E81D91F33D8300080BE0B /* Assets.xcassets in Resources */,
				9B5E81D71F33D8300080BE0B /* Main.storyboard in Resources */,
			);
			runOnlyForDeploymentPostprocessing = 0;
		};
		9B5E81E01F33D8300080BE0B /* Resources */ = {
			isa = PBXResourcesBuildPhase;
			buildActionMask = 2147483647;
			files = (
			);
			runOnlyForDeploymentPostprocessing = 0;
		};
		9B5E81EB1F33D8300080BE0B /* Resources */ = {
			isa = PBXResourcesBuildPhase;
			buildActionMask = 2147483647;
			files = (
			);
			runOnlyForDeploymentPostprocessing = 0;
		};
/* End PBXResourcesBuildPhase section */

/* Begin PBXShellScriptBuildPhase section */
		09E08B8E8074F022F63FA6E9 /* [CP] Copy Pods Resources */ = {
			isa = PBXShellScriptBuildPhase;
			buildActionMask = 2147483647;
			files = (
			);
			inputPaths = (
			);
			name = "[CP] Copy Pods Resources";
			outputPaths = (
			);
			runOnlyForDeploymentPostprocessing = 0;
			shellPath = /bin/sh;
			shellScript = "\"${SRCROOT}/Pods/Target Support Files/Pods-SwiftLint-CIUITests/Pods-SwiftLint-CIUITests-resources.sh\"\n";
			showEnvVarsInLog = 0;
		};
		27E8CA47A8515D7AA884A9DD /* [CP] Check Pods Manifest.lock */ = {
			isa = PBXShellScriptBuildPhase;
			buildActionMask = 2147483647;
			files = (
			);
			inputPaths = (
			);
			name = "[CP] Check Pods Manifest.lock";
			outputPaths = (
			);
			runOnlyForDeploymentPostprocessing = 0;
			shellPath = /bin/sh;
			shellScript = "diff \"${PODS_ROOT}/../Podfile.lock\" \"${PODS_ROOT}/Manifest.lock\" > /dev/null\nif [ $? != 0 ] ; then\n    # print error to STDERR\n    echo \"error: The sandbox is not in sync with the Podfile.lock. Run 'pod install' or update your CocoaPods installation.\" >&2\n    exit 1\nfi\n";
			showEnvVarsInLog = 0;
		};
		32FA27605D7DEE9C5C080054 /* [CP] Check Pods Manifest.lock */ = {
			isa = PBXShellScriptBuildPhase;
			buildActionMask = 2147483647;
			files = (
			);
			inputPaths = (
			);
			name = "[CP] Check Pods Manifest.lock";
			outputPaths = (
			);
			runOnlyForDeploymentPostprocessing = 0;
			shellPath = /bin/sh;
			shellScript = "diff \"${PODS_ROOT}/../Podfile.lock\" \"${PODS_ROOT}/Manifest.lock\" > /dev/null\nif [ $? != 0 ] ; then\n    # print error to STDERR\n    echo \"error: The sandbox is not in sync with the Podfile.lock. Run 'pod install' or update your CocoaPods installation.\" >&2\n    exit 1\nfi\n";
			showEnvVarsInLog = 0;
		};
		4FE2AACADABF532F4EAC7C5E /* [CP] Copy Pods Resources */ = {
			isa = PBXShellScriptBuildPhase;
			buildActionMask = 2147483647;
			files = (
			);
			inputPaths = (
			);
			name = "[CP] Copy Pods Resources";
			outputPaths = (
			);
			runOnlyForDeploymentPostprocessing = 0;
			shellPath = /bin/sh;
			shellScript = "\"${SRCROOT}/Pods/Target Support Files/Pods-SwiftLint-CI/Pods-SwiftLint-CI-resources.sh\"\n";
			showEnvVarsInLog = 0;
		};
		84E9E0D07A0141E681AA7F44 /* [CP] Copy Pods Resources */ = {
			isa = PBXShellScriptBuildPhase;
			buildActionMask = 2147483647;
			files = (
			);
			inputPaths = (
			);
			name = "[CP] Copy Pods Resources";
			outputPaths = (
			);
			runOnlyForDeploymentPostprocessing = 0;
			shellPath = /bin/sh;
			shellScript = "\"${SRCROOT}/Pods/Target Support Files/Pods-SwiftLint-CITests/Pods-SwiftLint-CITests-resources.sh\"\n";
			showEnvVarsInLog = 0;
		};
		9B9D046B1F33DA0B0074F31C /* Swiftlint */ = {
			isa = PBXShellScriptBuildPhase;
			buildActionMask = 2147483647;
			files = (
			);
			inputPaths = (
			);
			name = Swiftlint;
			outputPaths = (
			);
			runOnlyForDeploymentPostprocessing = 0;
			shellPath = /bin/sh;
			shellScript = "if [ -z \"$CI\" ]; then\n ${PODS_ROOT}/SwiftLint/swiftlint\nfi";
		};
		9B9D046C1F33DA2C0074F31C /* Swiftlint */ = {
			isa = PBXShellScriptBuildPhase;
			buildActionMask = 2147483647;
			files = (
			);
			inputPaths = (
			);
			name = Swiftlint;
			outputPaths = (
			);
			runOnlyForDeploymentPostprocessing = 0;
			shellPath = /bin/sh;
			shellScript = "if [ -z \"$CI\" ]; then\n ${PODS_ROOT}/SwiftLint/swiftlint\nfi";
		};
		9B9D046D1F33DA410074F31C /* Swiftlint */ = {
			isa = PBXShellScriptBuildPhase;
			buildActionMask = 2147483647;
			files = (
			);
			inputPaths = (
			);
			name = Swiftlint;
			outputPaths = (
			);
			runOnlyForDeploymentPostprocessing = 0;
			shellPath = /bin/sh;
			shellScript = "if [ -z \"$CI\" ]; then\n  ${PODS_ROOT}/SwiftLint/swiftlint\nfi";
		};
		BE8F71D6A429A5404A65D7EC /* [CP] Check Pods Manifest.lock */ = {
			isa = PBXShellScriptBuildPhase;
			buildActionMask = 2147483647;
			files = (
			);
			inputPaths = (
			);
			name = "[CP] Check Pods Manifest.lock";
			outputPaths = (
			);
			runOnlyForDeploymentPostprocessing = 0;
			shellPath = /bin/sh;
			shellScript = "diff \"${PODS_ROOT}/../Podfile.lock\" \"${PODS_ROOT}/Manifest.lock\" > /dev/null\nif [ $? != 0 ] ; then\n    # print error to STDERR\n    echo \"error: The sandbox is not in sync with the Podfile.lock. Run 'pod install' or update your CocoaPods installation.\" >&2\n    exit 1\nfi\n";
			showEnvVarsInLog = 0;
		};
		C6FED14A140E516612438114 /* [CP] Embed Pods Frameworks */ = {
			isa = PBXShellScriptBuildPhase;
			buildActionMask = 2147483647;
			files = (
			);
			inputPaths = (
			);
			name = "[CP] Embed Pods Frameworks";
			outputPaths = (
			);
			runOnlyForDeploymentPostprocessing = 0;
			shellPath = /bin/sh;
			shellScript = "\"${SRCROOT}/Pods/Target Support Files/Pods-SwiftLint-CI/Pods-SwiftLint-CI-frameworks.sh\"\n";
			showEnvVarsInLog = 0;
		};
		D28711AC5447577CB519FC3C /* [CP] Embed Pods Frameworks */ = {
			isa = PBXShellScriptBuildPhase;
			buildActionMask = 2147483647;
			files = (
			);
			inputPaths = (
			);
			name = "[CP] Embed Pods Frameworks";
			outputPaths = (
			);
			runOnlyForDeploymentPostprocessing = 0;
			shellPath = /bin/sh;
			shellScript = "\"${SRCROOT}/Pods/Target Support Files/Pods-SwiftLint-CITests/Pods-SwiftLint-CITests-frameworks.sh\"\n";
			showEnvVarsInLog = 0;
		};
		E5746F6A65720DC834427026 /* [CP] Embed Pods Frameworks */ = {
			isa = PBXShellScriptBuildPhase;
			buildActionMask = 2147483647;
			files = (
			);
			inputPaths = (
			);
			name = "[CP] Embed Pods Frameworks";
			outputPaths = (
			);
			runOnlyForDeploymentPostprocessing = 0;
			shellPath = /bin/sh;
			shellScript = "\"${SRCROOT}/Pods/Target Support Files/Pods-SwiftLint-CIUITests/Pods-SwiftLint-CIUITests-frameworks.sh\"\n";
			showEnvVarsInLog = 0;
		};
/* End PBXShellScriptBuildPhase section */

/* Begin PBXSourcesBuildPhase section */
		9B5E81CA1F33D82F0080BE0B /* Sources */ = {
			isa = PBXSourcesBuildPhase;
			buildActionMask = 2147483647;
			files = (
				9B5E81D41F33D8300080BE0B /* ViewController.swift in Sources */,
				9B5E81D21F33D8300080BE0B /* AppDelegate.swift in Sources */,
			);
			runOnlyForDeploymentPostprocessing = 0;
		};
		9B5E81DE1F33D8300080BE0B /* Sources */ = {
			isa = PBXSourcesBuildPhase;
			buildActionMask = 2147483647;
			files = (
				9B5E81E71F33D8300080BE0B /* SwiftLint_CITests.swift in Sources */,
			);
			runOnlyForDeploymentPostprocessing = 0;
		};
		9B5E81E91F33D8300080BE0B /* Sources */ = {
			isa = PBXSourcesBuildPhase;
			buildActionMask = 2147483647;
			files = (
				9B5E81F21F33D8300080BE0B /* SwiftLint_CIUITests.swift in Sources */,
			);
			runOnlyForDeploymentPostprocessing = 0;
		};
/* End PBXSourcesBuildPhase section */

/* Begin PBXTargetDependency section */
		9B5E81E41F33D8300080BE0B /* PBXTargetDependency */ = {
			isa = PBXTargetDependency;
			target = 9B5E81CD1F33D82F0080BE0B /* SwiftLint-CI */;
			targetProxy = 9B5E81E31F33D8300080BE0B /* PBXContainerItemProxy */;
		};
		9B5E81EF1F33D8300080BE0B /* PBXTargetDependency */ = {
			isa = PBXTargetDependency;
			target = 9B5E81CD1F33D82F0080BE0B /* SwiftLint-CI */;
			targetProxy = 9B5E81EE1F33D8300080BE0B /* PBXContainerItemProxy */;
		};
/* End PBXTargetDependency section */

/* Begin PBXVariantGroup section */
		9B5E81D51F33D8300080BE0B /* Main.storyboard */ = {
			isa = PBXVariantGroup;
			children = (
				9B5E81D61F33D8300080BE0B /* Base */,
			);
			name = Main.storyboard;
			sourceTree = "<group>";
		};
		9B5E81DA1F33D8300080BE0B /* LaunchScreen.storyboard */ = {
			isa = PBXVariantGroup;
			children = (
				9B5E81DB1F33D8300080BE0B /* Base */,
			);
			name = LaunchScreen.storyboard;
			sourceTree = "<group>";
		};
/* End PBXVariantGroup section */

/* Begin XCBuildConfiguration section */
		9B5E81F41F33D8300080BE0B /* Debug */ = {
			isa = XCBuildConfiguration;
			buildSettings = {
				ALWAYS_SEARCH_USER_PATHS = NO;
				CLANG_ANALYZER_NONNULL = YES;
				CLANG_ANALYZER_NUMBER_OBJECT_CONVERSION = YES_AGGRESSIVE;
				CLANG_CXX_LANGUAGE_STANDARD = "gnu++14";
				CLANG_CXX_LIBRARY = "libc++";
				CLANG_ENABLE_MODULES = YES;
				CLANG_ENABLE_OBJC_ARC = YES;
				CLANG_WARN_BLOCK_CAPTURE_AUTORELEASING = YES;
				CLANG_WARN_BOOL_CONVERSION = YES;
				CLANG_WARN_COMMA = YES;
				CLANG_WARN_CONSTANT_CONVERSION = YES;
				CLANG_WARN_DIRECT_OBJC_ISA_USAGE = YES_ERROR;
				CLANG_WARN_DOCUMENTATION_COMMENTS = YES;
				CLANG_WARN_EMPTY_BODY = YES;
				CLANG_WARN_ENUM_CONVERSION = YES;
				CLANG_WARN_INFINITE_RECURSION = YES;
				CLANG_WARN_INT_CONVERSION = YES;
				CLANG_WARN_OBJC_ROOT_CLASS = YES_ERROR;
				CLANG_WARN_RANGE_LOOP_ANALYSIS = YES;
				CLANG_WARN_STRICT_PROTOTYPES = YES;
				CLANG_WARN_SUSPICIOUS_MOVE = YES;
				CLANG_WARN_UNGUARDED_AVAILABILITY = YES_AGGRESSIVE;
				CLANG_WARN_UNREACHABLE_CODE = YES;
				CLANG_WARN__DUPLICATE_METHOD_MATCH = YES;
				CODE_SIGN_IDENTITY = "iPhone Developer";
				COPY_PHASE_STRIP = NO;
				DEBUG_INFORMATION_FORMAT = dwarf;
				ENABLE_STRICT_OBJC_MSGSEND = YES;
				ENABLE_TESTABILITY = YES;
				GCC_C_LANGUAGE_STANDARD = gnu11;
				GCC_DYNAMIC_NO_PIC = NO;
				GCC_NO_COMMON_BLOCKS = YES;
				GCC_OPTIMIZATION_LEVEL = 0;
				GCC_PREPROCESSOR_DEFINITIONS = (
					"DEBUG=1",
					"$(inherited)",
				);
				GCC_WARN_64_TO_32_BIT_CONVERSION = YES;
				GCC_WARN_ABOUT_RETURN_TYPE = YES_ERROR;
				GCC_WARN_UNDECLARED_SELECTOR = YES;
				GCC_WARN_UNINITIALIZED_AUTOS = YES_AGGRESSIVE;
				GCC_WARN_UNUSED_FUNCTION = YES;
				GCC_WARN_UNUSED_VARIABLE = YES;
				IPHONEOS_DEPLOYMENT_TARGET = 11.0;
				MTL_ENABLE_DEBUG_INFO = YES;
				ONLY_ACTIVE_ARCH = YES;
				SDKROOT = iphoneos;
				SWIFT_ACTIVE_COMPILATION_CONDITIONS = DEBUG;
				SWIFT_OPTIMIZATION_LEVEL = "-Onone";
			};
			name = Debug;
		};
		9B5E81F51F33D8300080BE0B /* Release */ = {
			isa = XCBuildConfiguration;
			buildSettings = {
				ALWAYS_SEARCH_USER_PATHS = NO;
				CLANG_ANALYZER_NONNULL = YES;
				CLANG_ANALYZER_NUMBER_OBJECT_CONVERSION = YES_AGGRESSIVE;
				CLANG_CXX_LANGUAGE_STANDARD = "gnu++14";
				CLANG_CXX_LIBRARY = "libc++";
				CLANG_ENABLE_MODULES = YES;
				CLANG_ENABLE_OBJC_ARC = YES;
				CLANG_WARN_BLOCK_CAPTURE_AUTORELEASING = YES;
				CLANG_WARN_BOOL_CONVERSION = YES;
				CLANG_WARN_COMMA = YES;
				CLANG_WARN_CONSTANT_CONVERSION = YES;
				CLANG_WARN_DIRECT_OBJC_ISA_USAGE = YES_ERROR;
				CLANG_WARN_DOCUMENTATION_COMMENTS = YES;
				CLANG_WARN_EMPTY_BODY = YES;
				CLANG_WARN_ENUM_CONVERSION = YES;
				CLANG_WARN_INFINITE_RECURSION = YES;
				CLANG_WARN_INT_CONVERSION = YES;
				CLANG_WARN_OBJC_ROOT_CLASS = YES_ERROR;
				CLANG_WARN_RANGE_LOOP_ANALYSIS = YES;
				CLANG_WARN_STRICT_PROTOTYPES = YES;
				CLANG_WARN_SUSPICIOUS_MOVE = YES;
				CLANG_WARN_UNGUARDED_AVAILABILITY = YES_AGGRESSIVE;
				CLANG_WARN_UNREACHABLE_CODE = YES;
				CLANG_WARN__DUPLICATE_METHOD_MATCH = YES;
				CODE_SIGN_IDENTITY = "iPhone Developer";
				COPY_PHASE_STRIP = NO;
				DEBUG_INFORMATION_FORMAT = "dwarf-with-dsym";
				ENABLE_NS_ASSERTIONS = NO;
				ENABLE_STRICT_OBJC_MSGSEND = YES;
				GCC_C_LANGUAGE_STANDARD = gnu11;
				GCC_NO_COMMON_BLOCKS = YES;
				GCC_WARN_64_TO_32_BIT_CONVERSION = YES;
				GCC_WARN_ABOUT_RETURN_TYPE = YES_ERROR;
				GCC_WARN_UNDECLARED_SELECTOR = YES;
				GCC_WARN_UNINITIALIZED_AUTOS = YES_AGGRESSIVE;
				GCC_WARN_UNUSED_FUNCTION = YES;
				GCC_WARN_UNUSED_VARIABLE = YES;
				IPHONEOS_DEPLOYMENT_TARGET = 11.0;
				MTL_ENABLE_DEBUG_INFO = NO;
				SDKROOT = iphoneos;
				SWIFT_OPTIMIZATION_LEVEL = "-Owholemodule";
				VALIDATE_PRODUCT = YES;
			};
			name = Release;
		};
		9B5E81F71F33D8300080BE0B /* Debug */ = {
			isa = XCBuildConfiguration;
			baseConfigurationReference = 8230CF4DD710BEB901A85A7F /* Pods-SwiftLint-CI.debug.xcconfig */;
			buildSettings = {
				ASSETCATALOG_COMPILER_APPICON_NAME = AppIcon;
				INFOPLIST_FILE = "SwiftLint-CI/Info.plist";
				LD_RUNPATH_SEARCH_PATHS = "$(inherited) @executable_path/Frameworks";
				PRODUCT_BUNDLE_IDENTIFIER = "shashi.SwiftLint-CI";
				PRODUCT_NAME = "$(TARGET_NAME)";
				SWIFT_VERSION = 4.0;
				TARGETED_DEVICE_FAMILY = "1,2";
			};
			name = Debug;
		};
		9B5E81F81F33D8300080BE0B /* Release */ = {
			isa = XCBuildConfiguration;
			baseConfigurationReference = 21A166D30B3E5C349113F559 /* Pods-SwiftLint-CI.release.xcconfig */;
			buildSettings = {
				ASSETCATALOG_COMPILER_APPICON_NAME = AppIcon;
				INFOPLIST_FILE = "SwiftLint-CI/Info.plist";
				LD_RUNPATH_SEARCH_PATHS = "$(inherited) @executable_path/Frameworks";
				PRODUCT_BUNDLE_IDENTIFIER = "shashi.SwiftLint-CI";
				PRODUCT_NAME = "$(TARGET_NAME)";
				SWIFT_VERSION = 4.0;
				TARGETED_DEVICE_FAMILY = "1,2";
			};
			name = Release;
		};
		9B5E81FA1F33D8300080BE0B /* Debug */ = {
			isa = XCBuildConfiguration;
			baseConfigurationReference = 38B53267987F7A84FC12AD79 /* Pods-SwiftLint-CITests.debug.xcconfig */;
			buildSettings = {
				ALWAYS_EMBED_SWIFT_STANDARD_LIBRARIES = YES;
				BUNDLE_LOADER = "$(TEST_HOST)";
				INFOPLIST_FILE = "SwiftLint-CITests/Info.plist";
				LD_RUNPATH_SEARCH_PATHS = "$(inherited) @executable_path/Frameworks @loader_path/Frameworks";
				PRODUCT_BUNDLE_IDENTIFIER = "shashi.SwiftLint-CITests";
				PRODUCT_NAME = "$(TARGET_NAME)";
				SWIFT_VERSION = 4.0;
				TARGETED_DEVICE_FAMILY = "1,2";
				TEST_HOST = "$(BUILT_PRODUCTS_DIR)/SwiftLint-CI.app/SwiftLint-CI";
			};
			name = Debug;
		};
		9B5E81FB1F33D8300080BE0B /* Release */ = {
			isa = XCBuildConfiguration;
			baseConfigurationReference = 3F68323D81FE48BF2DA95547 /* Pods-SwiftLint-CITests.release.xcconfig */;
			buildSettings = {
				ALWAYS_EMBED_SWIFT_STANDARD_LIBRARIES = YES;
				BUNDLE_LOADER = "$(TEST_HOST)";
				INFOPLIST_FILE = "SwiftLint-CITests/Info.plist";
				LD_RUNPATH_SEARCH_PATHS = "$(inherited) @executable_path/Frameworks @loader_path/Frameworks";
				PRODUCT_BUNDLE_IDENTIFIER = "shashi.SwiftLint-CITests";
				PRODUCT_NAME = "$(TARGET_NAME)";
				SWIFT_VERSION = 4.0;
				TARGETED_DEVICE_FAMILY = "1,2";
				TEST_HOST = "$(BUILT_PRODUCTS_DIR)/SwiftLint-CI.app/SwiftLint-CI";
			};
			name = Release;
		};
		9B5E81FD1F33D8300080BE0B /* Debug */ = {
			isa = XCBuildConfiguration;
			baseConfigurationReference = 541BA65A0F91924C9CF1E392 /* Pods-SwiftLint-CIUITests.debug.xcconfig */;
			buildSettings = {
				ALWAYS_EMBED_SWIFT_STANDARD_LIBRARIES = YES;
				INFOPLIST_FILE = "SwiftLint-CIUITests/Info.plist";
				LD_RUNPATH_SEARCH_PATHS = "$(inherited) @executable_path/Frameworks @loader_path/Frameworks";
				PRODUCT_BUNDLE_IDENTIFIER = "shashi.SwiftLint-CIUITests";
				PRODUCT_NAME = "$(TARGET_NAME)";
				SWIFT_VERSION = 4.0;
				TARGETED_DEVICE_FAMILY = "1,2";
				TEST_TARGET_NAME = "SwiftLint-CI";
			};
			name = Debug;
		};
		9B5E81FE1F33D8300080BE0B /* Release */ = {
			isa = XCBuildConfiguration;
			baseConfigurationReference = 4A4E6901AD485EEF6A86A422 /* Pods-SwiftLint-CIUITests.release.xcconfig */;
			buildSettings = {
				ALWAYS_EMBED_SWIFT_STANDARD_LIBRARIES = YES;
				INFOPLIST_FILE = "SwiftLint-CIUITests/Info.plist";
				LD_RUNPATH_SEARCH_PATHS = "$(inherited) @executable_path/Frameworks @loader_path/Frameworks";
				PRODUCT_BUNDLE_IDENTIFIER = "shashi.SwiftLint-CIUITests";
				PRODUCT_NAME = "$(TARGET_NAME)";
				SWIFT_VERSION = 4.0;
				TARGETED_DEVICE_FAMILY = "1,2";
				TEST_TARGET_NAME = "SwiftLint-CI";
			};
			name = Release;
		};
/* End XCBuildConfiguration section */

/* Begin XCConfigurationList section */
		9B5E81C91F33D82F0080BE0B /* Build configuration list for PBXProject "SwiftLint-CI" */ = {
			isa = XCConfigurationList;
			buildConfigurations = (
				9B5E81F41F33D8300080BE0B /* Debug */,
				9B5E81F51F33D8300080BE0B /* Release */,
			);
			defaultConfigurationIsVisible = 0;
			defaultConfigurationName = Release;
		};
		9B5E81F61F33D8300080BE0B /* Build configuration list for PBXNativeTarget "SwiftLint-CI" */ = {
			isa = XCConfigurationList;
			buildConfigurations = (
				9B5E81F71F33D8300080BE0B /* Debug */,
				9B5E81F81F33D8300080BE0B /* Release */,
			);
			defaultConfigurationIsVisible = 0;
			defaultConfigurationName = Release;
		};
		9B5E81F91F33D8300080BE0B /* Build configuration list for PBXNativeTarget "SwiftLint-CITests" */ = {
			isa = XCConfigurationList;
			buildConfigurations = (
				9B5E81FA1F33D8300080BE0B /* Debug */,
				9B5E81FB1F33D8300080BE0B /* Release */,
			);
			defaultConfigurationIsVisible = 0;
			defaultConfigurationName = Release;
		};
		9B5E81FC1F33D8300080BE0B /* Build configuration list for PBXNativeTarget "SwiftLint-CIUITests" */ = {
			isa = XCConfigurationList;
			buildConfigurations = (
				9B5E81FD1F33D8300080BE0B /* Debug */,
				9B5E81FE1F33D8300080BE0B /* Release */,
			);
			defaultConfigurationIsVisible = 0;
			defaultConfigurationName = Release;
		};
/* End XCConfigurationList section */
	};
	rootObject = 9B5E81C61F33D82F0080BE0B /* Project object */;
}
